// !$*UTF8*$!
{
	archiveVersion = 1;
	classes = {
	};
	objectVersion = 50;
	objects = {

/* Begin PBXBuildFile section */
		60E09D3C20CC815A00976EC3 /* AppDelegate.swift in Sources */ = {isa = PBXBuildFile; fileRef = 60E09D3B20CC815A00976EC3 /* AppDelegate.swift */; };
		60E09D3E20CC815A00976EC3 /* CameraVC.swift in Sources */ = {isa = PBXBuildFile; fileRef = 60E09D3D20CC815A00976EC3 /* CameraVC.swift */; };
		60E09D4120CC815A00976EC3 /* Main.storyboard in Resources */ = {isa = PBXBuildFile; fileRef = 60E09D3F20CC815A00976EC3 /* Main.storyboard */; };
		60E09D4320CC815C00976EC3 /* Assets.xcassets in Resources */ = {isa = PBXBuildFile; fileRef = 60E09D4220CC815C00976EC3 /* Assets.xcassets */; };
		60E09D4620CC815C00976EC3 /* LaunchScreen.storyboard in Resources */ = {isa = PBXBuildFile; fileRef = 60E09D4420CC815C00976EC3 /* LaunchScreen.storyboard */; };
		60E09D5120CC847300976EC3 /* RoundedShadowView.swift in Sources */ = {isa = PBXBuildFile; fileRef = 60E09D5020CC847300976EC3 /* RoundedShadowView.swift */; };
		60E09D5320CC85C600976EC3 /* RoundedShadowButton.swift in Sources */ = {isa = PBXBuildFile; fileRef = 60E09D5220CC85C600976EC3 /* RoundedShadowButton.swift */; };
		60E09D5520CC85F500976EC3 /* RoundedShadowImageView.swift in Sources */ = {isa = PBXBuildFile; fileRef = 60E09D5420CC85F500976EC3 /* RoundedShadowImageView.swift */; };
		60E09D5720CC9A9100976EC3 /* SqueezeNet.mlmodel in Sources */ = {isa = PBXBuildFile; fileRef = 60E09D5620CC9A9000976EC3 /* SqueezeNet.mlmodel */; };
/* End PBXBuildFile section */

/* Begin PBXFileReference section */
		60E09D3820CC815A00976EC3 /* vision-app-dev.app */ = {isa = PBXFileReference; explicitFileType = wrapper.application; includeInIndex = 0; path = "vision-app-dev.app"; sourceTree = BUILT_PRODUCTS_DIR; };
		60E09D3B20CC815A00976EC3 /* AppDelegate.swift */ = {isa = PBXFileReference; lastKnownFileType = sourcecode.swift; path = AppDelegate.swift; sourceTree = "<group>"; };
		60E09D3D20CC815A00976EC3 /* CameraVC.swift */ = {isa = PBXFileReference; lastKnownFileType = sourcecode.swift; path = CameraVC.swift; sourceTree = "<group>"; };
		60E09D4020CC815A00976EC3 /* Base */ = {isa = PBXFileReference; lastKnownFileType = file.storyboard; name = Base; path = Base.lproj/Main.storyboard; sourceTree = "<group>"; };
		60E09D4220CC815C00976EC3 /* Assets.xcassets */ = {isa = PBXFileReference; lastKnownFileType = folder.assetcatalog; path = Assets.xcassets; sourceTree = "<group>"; };
		60E09D4520CC815C00976EC3 /* Base */ = {isa = PBXFileReference; lastKnownFileType = file.storyboard; name = Base; path = Base.lproj/LaunchScreen.storyboard; sourceTree = "<group>"; };
		60E09D4720CC815C00976EC3 /* Info.plist */ = {isa = PBXFileReference; lastKnownFileType = text.plist.xml; path = Info.plist; sourceTree = "<group>"; };
		60E09D5020CC847300976EC3 /* RoundedShadowView.swift */ = {isa = PBXFileReference; lastKnownFileType = sourcecode.swift; path = RoundedShadowView.swift; sourceTree = "<group>"; };
		60E09D5220CC85C600976EC3 /* RoundedShadowButton.swift */ = {isa = PBXFileReference; lastKnownFileType = sourcecode.swift; path = RoundedShadowButton.swift; sourceTree = "<group>"; };
		60E09D5420CC85F500976EC3 /* RoundedShadowImageView.swift */ = {isa = PBXFileReference; lastKnownFileType = sourcecode.swift; path = RoundedShadowImageView.swift; sourceTree = "<group>"; };
		60E09D5620CC9A9000976EC3 /* SqueezeNet.mlmodel */ = {isa = PBXFileReference; lastKnownFileType = file.mlmodel; path = SqueezeNet.mlmodel; sourceTree = "<group>"; };
/* End PBXFileReference section */

/* Begin PBXFrameworksBuildPhase section */
		60E09D3520CC815A00976EC3 /* Frameworks */ = {
			isa = PBXFrameworksBuildPhase;
			buildActionMask = 2147483647;
			files = (
			);
			runOnlyForDeploymentPostprocessing = 0;
		};
/* End PBXFrameworksBuildPhase section */

/* Begin PBXGroup section */
		60E09D2F20CC815A00976EC3 = {
			isa = PBXGroup;
			children = (
				60E09D3A20CC815A00976EC3 /* vision-app-dev */,
				60E09D3920CC815A00976EC3 /* Products */,
			);
			sourceTree = "<group>";
		};
		60E09D3920CC815A00976EC3 /* Products */ = {
			isa = PBXGroup;
			children = (
				60E09D3820CC815A00976EC3 /* vision-app-dev.app */,
			);
			name = Products;
			sourceTree = "<group>";
		};
		60E09D3A20CC815A00976EC3 /* vision-app-dev */ = {
			isa = PBXGroup;
			children = (
				60E09D4F20CC819B00976EC3 /* Resources */,
				60E09D4E20CC819100976EC3 /* View */,
				60E09D4D20CC818300976EC3 /* Controller */,
				60E09D3B20CC815A00976EC3 /* AppDelegate.swift */,
				60E09D3F20CC815A00976EC3 /* Main.storyboard */,
				60E09D4220CC815C00976EC3 /* Assets.xcassets */,
				60E09D4420CC815C00976EC3 /* LaunchScreen.storyboard */,
				60E09D4720CC815C00976EC3 /* Info.plist */,
			);
			path = "vision-app-dev";
			sourceTree = "<group>";
		};
		60E09D4D20CC818300976EC3 /* Controller */ = {
			isa = PBXGroup;
			children = (
				60E09D3D20CC815A00976EC3 /* CameraVC.swift */,
			);
			path = Controller;
			sourceTree = "<group>";
		};
		60E09D4E20CC819100976EC3 /* View */ = {
			isa = PBXGroup;
			children = (
				60E09D5020CC847300976EC3 /* RoundedShadowView.swift */,
				60E09D5220CC85C600976EC3 /* RoundedShadowButton.swift */,
				60E09D5420CC85F500976EC3 /* RoundedShadowImageView.swift */,
			);
			path = View;
			sourceTree = "<group>";
		};
		60E09D4F20CC819B00976EC3 /* Resources */ = {
			isa = PBXGroup;
			children = (
				60E09D5620CC9A9000976EC3 /* SqueezeNet.mlmodel */,
			);
			path = Resources;
			sourceTree = "<group>";
		};
/* End PBXGroup section */

/* Begin PBXNativeTarget section */
		60E09D3720CC815A00976EC3 /* vision-app-dev */ = {
			isa = PBXNativeTarget;
			buildConfigurationList = 60E09D4A20CC815C00976EC3 /* Build configuration list for PBXNativeTarget "vision-app-dev" */;
			buildPhases = (
				60E09D3420CC815A00976EC3 /* Sources */,
				60E09D3520CC815A00976EC3 /* Frameworks */,
				60E09D3620CC815A00976EC3 /* Resources */,
			);
			buildRules = (
			);
			dependencies = (
			);
			name = "vision-app-dev";
			productName = "vision-app-dev";
			productReference = 60E09D3820CC815A00976EC3 /* vision-app-dev.app */;
			productType = "com.apple.product-type.application";
		};
/* End PBXNativeTarget section */

/* Begin PBXProject section */
		60E09D3020CC815A00976EC3 /* Project object */ = {
			isa = PBXProject;
			attributes = {
				LastSwiftUpdateCheck = 1000;
				LastUpgradeCheck = 1000;
				ORGANIZATIONNAME = "Robert Møller";
				TargetAttributes = {
					60E09D3720CC815A00976EC3 = {
						CreatedOnToolsVersion = 10.0;
					};
				};
			};
			buildConfigurationList = 60E09D3320CC815A00976EC3 /* Build configuration list for PBXProject "vision-app-dev" */;
			compatibilityVersion = "Xcode 9.3";
			developmentRegion = en;
			hasScannedForEncodings = 0;
			knownRegions = (
				en,
				Base,
			);
			mainGroup = 60E09D2F20CC815A00976EC3;
			productRefGroup = 60E09D3920CC815A00976EC3 /* Products */;
			projectDirPath = "";
			projectRoot = "";
			targets = (
				60E09D3720CC815A00976EC3 /* vision-app-dev */,
			);
		};
/* End PBXProject section */

/* Begin PBXResourcesBuildPhase section */
		60E09D3620CC815A00976EC3 /* Resources */ = {
			isa = PBXResourcesBuildPhase;
			buildActionMask = 2147483647;
			files = (
				60E09D4620CC815C00976EC3 /* LaunchScreen.storyboard in Resources */,
				60E09D4320CC815C00976EC3 /* Assets.xcassets in Resources */,
				60E09D4120CC815A00976EC3 /* Main.storyboard in Resources */,
			);
			runOnlyForDeploymentPostprocessing = 0;
		};
/* End PBXResourcesBuildPhase section */

/* Begin PBXSourcesBuildPhase section */
		60E09D3420CC815A00976EC3 /* Sources */ = {
			isa = PBXSourcesBuildPhase;
			buildActionMask = 2147483647;
			files = (
				60E09D3E20CC815A00976EC3 /* CameraVC.swift in Sources */,
				60E09D5720CC9A9100976EC3 /* SqueezeNet.mlmodel in Sources */,
				60E09D3C20CC815A00976EC3 /* AppDelegate.swift in Sources */,
				60E09D5120CC847300976EC3 /* RoundedShadowView.swift in Sources */,
				60E09D5320CC85C600976EC3 /* RoundedShadowButton.swift in Sources */,
				60E09D5520CC85F500976EC3 /* RoundedShadowImageView.swift in Sources */,
			);
			runOnlyForDeploymentPostprocessing = 0;
		};
/* End PBXSourcesBuildPhase section */

/* Begin PBXVariantGroup section */
		60E09D3F20CC815A00976EC3 /* Main.storyboard */ = {
			isa = PBXVariantGroup;
			children = (
				60E09D4020CC815A00976EC3 /* Base */,
			);
			name = Main.storyboard;
			sourceTree = "<group>";
		};
		60E09D4420CC815C00976EC3 /* LaunchScreen.storyboard */ = {
			isa = PBXVariantGroup;
			children = (
				60E09D4520CC815C00976EC3 /* Base */,
			);
			name = LaunchScreen.storyboard;
			sourceTree = "<group>";
		};
/* End PBXVariantGroup section */

/* Begin XCBuildConfiguration section */
		60E09D4820CC815C00976EC3 /* Debug */ = {
			isa = XCBuildConfiguration;
			buildSettings = {
				ALWAYS_SEARCH_USER_PATHS = NO;
				CLANG_ANALYZER_NONNULL = YES;
				CLANG_ANALYZER_NUMBER_OBJECT_CONVERSION = YES_AGGRESSIVE;
				CLANG_CXX_LANGUAGE_STANDARD = "gnu++14";
				CLANG_CXX_LIBRARY = "libc++";
				CLANG_ENABLE_MODULES = YES;
				CLANG_ENABLE_OBJC_ARC = YES;
				CLANG_ENABLE_OBJC_WEAK = YES;
				CLANG_WARN_BLOCK_CAPTURE_AUTORELEASING = YES;
				CLANG_WARN_BOOL_CONVERSION = YES;
				CLANG_WARN_COMMA = YES;
				CLANG_WARN_CONSTANT_CONVERSION = YES;
				CLANG_WARN_DEPRECATED_OBJC_IMPLEMENTATIONS = YES;
				CLANG_WARN_DIRECT_OBJC_ISA_USAGE = YES_ERROR;
				CLANG_WARN_DOCUMENTATION_COMMENTS = YES;
				CLANG_WARN_EMPTY_BODY = YES;
				CLANG_WARN_ENUM_CONVERSION = YES;
				CLANG_WARN_INFINITE_RECURSION = YES;
				CLANG_WARN_INT_CONVERSION = YES;
				CLANG_WARN_NON_LITERAL_NULL_CONVERSION = YES;
				CLANG_WARN_OBJC_IMPLICIT_RETAIN_SELF = YES;
				CLANG_WARN_OBJC_LITERAL_CONVERSION = YES;
				CLANG_WARN_OBJC_ROOT_CLASS = YES_ERROR;
				CLANG_WARN_RANGE_LOOP_ANALYSIS = YES;
				CLANG_WARN_STRICT_PROTOTYPES = YES;
				CLANG_WARN_SUSPICIOUS_MOVE = YES;
				CLANG_WARN_UNGUARDED_AVAILABILITY = YES_AGGRESSIVE;
				CLANG_WARN_UNREACHABLE_CODE = YES;
				CLANG_WARN__DUPLICATE_METHOD_MATCH = YES;
				CODE_SIGN_IDENTITY = "iPhone Developer";
				COPY_PHASE_STRIP = NO;
				DEBUG_INFORMATION_FORMAT = dwarf;
				ENABLE_STRICT_OBJC_MSGSEND = YES;
				ENABLE_TESTABILITY = YES;
				GCC_C_LANGUAGE_STANDARD = gnu11;
				GCC_DYNAMIC_NO_PIC = NO;
				GCC_NO_COMMON_BLOCKS = YES;
				GCC_OPTIMIZATION_LEVEL = 0;
				GCC_PREPROCESSOR_DEFINITIONS = (
					"DEBUG=1",
					"$(inherited)",
				);
				GCC_WARN_64_TO_32_BIT_CONVERSION = YES;
				GCC_WARN_ABOUT_RETURN_TYPE = YES_ERROR;
				GCC_WARN_UNDECLARED_SELECTOR = YES;
				GCC_WARN_UNINITIALIZED_AUTOS = YES_AGGRESSIVE;
				GCC_WARN_UNUSED_FUNCTION = YES;
				GCC_WARN_UNUSED_VARIABLE = YES;
				IPHONEOS_DEPLOYMENT_TARGET = 12.0;
				MTL_ENABLE_DEBUG_INFO = INCLUDE_SOURCE;
				ONLY_ACTIVE_ARCH = YES;
				SDKROOT = iphoneos;
				SWIFT_ACTIVE_COMPILATION_CONDITIONS = DEBUG;
				SWIFT_OPTIMIZATION_LEVEL = "-Onone";
			};
			name = Debug;
		};
		60E09D4920CC815C00976EC3 /* Release */ = {
			isa = XCBuildConfiguration;
			buildSettings = {
				ALWAYS_SEARCH_USER_PATHS = NO;
				CLANG_ANALYZER_NONNULL = YES;
				CLANG_ANALYZER_NUMBER_OBJECT_CONVERSION = YES_AGGRESSIVE;
				CLANG_CXX_LANGUAGE_STANDARD = "gnu++14";
				CLANG_CXX_LIBRARY = "libc++";
				CLANG_ENABLE_MODULES = YES;
				CLANG_ENABLE_OBJC_ARC = YES;
				CLANG_ENABLE_OBJC_WEAK = YES;
				CLANG_WARN_BLOCK_CAPTURE_AUTORELEASING = YES;
				CLANG_WARN_BOOL_CONVERSION = YES;
				CLANG_WARN_COMMA = YES;
				CLANG_WARN_CONSTANT_CONVERSION = YES;
				CLANG_WARN_DEPRECATED_OBJC_IMPLEMENTATIONS = YES;
				CLANG_WARN_DIRECT_OBJC_ISA_USAGE = YES_ERROR;
				CLANG_WARN_DOCUMENTATION_COMMENTS = YES;
				CLANG_WARN_EMPTY_BODY = YES;
				CLANG_WARN_ENUM_CONVERSION = YES;
				CLANG_WARN_INFINITE_RECURSION = YES;
				CLANG_WARN_INT_CONVERSION = YES;
				CLANG_WARN_NON_LITERAL_NULL_CONVERSION = YES;
				CLANG_WARN_OBJC_IMPLICIT_RETAIN_SELF = YES;
				CLANG_WARN_OBJC_LITERAL_CONVERSION = YES;
				CLANG_WARN_OBJC_ROOT_CLASS = YES_ERROR;
				CLANG_WARN_RANGE_LOOP_ANALYSIS = YES;
				CLANG_WARN_STRICT_PROTOTYPES = YES;
				CLANG_WARN_SUSPICIOUS_MOVE = YES;
				CLANG_WARN_UNGUARDED_AVAILABILITY = YES_AGGRESSIVE;
				CLANG_WARN_UNREACHABLE_CODE = YES;
				CLANG_WARN__DUPLICATE_METHOD_MATCH = YES;
				CODE_SIGN_IDENTITY = "iPhone Developer";
				COPY_PHASE_STRIP = NO;
				DEBUG_INFORMATION_FORMAT = "dwarf-with-dsym";
				ENABLE_NS_ASSERTIONS = NO;
				ENABLE_STRICT_OBJC_MSGSEND = YES;
				GCC_C_LANGUAGE_STANDARD = gnu11;
				GCC_NO_COMMON_BLOCKS = YES;
				GCC_WARN_64_TO_32_BIT_CONVERSION = YES;
				GCC_WARN_ABOUT_RETURN_TYPE = YES_ERROR;
				GCC_WARN_UNDECLARED_SELECTOR = YES;
				GCC_WARN_UNINITIALIZED_AUTOS = YES_AGGRESSIVE;
				GCC_WARN_UNUSED_FUNCTION = YES;
				GCC_WARN_UNUSED_VARIABLE = YES;
				IPHONEOS_DEPLOYMENT_TARGET = 12.0;
				MTL_ENABLE_DEBUG_INFO = NO;
				SDKROOT = iphoneos;
				SWIFT_COMPILATION_MODE = wholemodule;
				SWIFT_OPTIMIZATION_LEVEL = "-O";
				VALIDATE_PRODUCT = YES;
			};
			name = Release;
		};
		60E09D4B20CC815C00976EC3 /* Debug */ = {
			isa = XCBuildConfiguration;
			buildSettings = {
				ASSETCATALOG_COMPILER_APPICON_NAME = AppIcon;
				CODE_SIGN_STYLE = Automatic;
				DEVELOPMENT_TEAM = 68N6489U5E;
				INFOPLIST_FILE = "vision-app-dev/Info.plist";
				LD_RUNPATH_SEARCH_PATHS = (
					"$(inherited)",
					"@executable_path/Frameworks",
				);
				PRODUCT_BUNDLE_IDENTIFIER = "com.hjortsholm.vision-app-dev";
				PRODUCT_NAME = "$(TARGET_NAME)";
				SWIFT_VERSION = 4.2;
				TARGETED_DEVICE_FAMILY = "1,2";
			};
			name = Debug;
		};
		60E09D4C20CC815C00976EC3 /* Release */ = {
			isa = XCBuildConfiguration;
			buildSettings = {
				ASSETCATALOG_COMPILER_APPICON_NAME = AppIcon;
				CODE_SIGN_STYLE = Automatic;
				DEVELOPMENT_TEAM = 68N6489U5E;
				INFOPLIST_FILE = "vision-app-dev/Info.plist";
				LD_RUNPATH_SEARCH_PATHS = (
					"$(inherited)",
					"@executable_path/Frameworks",
				);
				PRODUCT_BUNDLE_IDENTIFIER = "com.hjortsholm.vision-app-dev";
				PRODUCT_NAME = "$(TARGET_NAME)";
				SWIFT_VERSION = 4.2;
				TARGETED_DEVICE_FAMILY = "1,2";
			};
			name = Release;
		};
/* End XCBuildConfiguration section */

/* Begin XCConfigurationList section */
		60E09D3320CC815A00976EC3 /* Build configuration list for PBXProject "vision-app-dev" */ = {
			isa = XCConfigurationList;
			buildConfigurations = (
				60E09D4820CC815C00976EC3 /* Debug */,
				60E09D4920CC815C00976EC3 /* Release */,
			);
			defaultConfigurationIsVisible = 0;
			defaultConfigurationName = Release;
		};
		60E09D4A20CC815C00976EC3 /* Build configuration list for PBXNativeTarget "vision-app-dev" */ = {
			isa = XCConfigurationList;
			buildConfigurations = (
				60E09D4B20CC815C00976EC3 /* Debug */,
				60E09D4C20CC815C00976EC3 /* Release */,
			);
			defaultConfigurationIsVisible = 0;
			defaultConfigurationName = Release;
		};
/* End XCConfigurationList section */
	};
	rootObject = 60E09D3020CC815A00976EC3 /* Project object */;
}
